
Microsoft Visual Studio Solution File, Format Version 9.00
# Visual Studio 2005
Project("{FAE04EC0-301F-11D3-BF4B-00C04F79EFBC}") = "zinfoenvironment", "zinfoenvironment.csproj", "{0C62344F-93A8-4235-83C7-35FA864C0E20}"
EndProject
Project("{FAE04EC0-301F-11D3-BF4B-00C04F79EFBC}") = "ZylLib.Net20", "..\..\..\ZylLib.NET\Source\ZylLib\ZylLib.Net20.csproj", "{0A57C19C-16BA-4D89-AD09-9F75419F6923}"
EndProject
Global
	GlobalSection(SolutionConfigurationPlatforms) = preSolution
		Debug|Any CPU = Debug|Any CPU
		Release|Any CPU = Release|Any CPU
	EndGlobalSection
	GlobalSection(ProjectConfigurationPlatforms) = postSolution
		{0C62344F-93A8-4235-83C7-35FA864C0E20}.Debug|Any CPU.ActiveCfg = Debug|Any CPU
		{0C62344F-93A8-4235-83C7-35FA864C0E20}.Debug|Any CPU.Build.0 = Debug|Any CPU
		{0C62344F-93A8-4235-83C7-35FA864C0E20}.Release|Any CPU.ActiveCfg = Release|Any CPU
		{0C62344F-93A8-4235-83C7-35FA864C0E20}.Release|Any CPU.Build.0 = Release|Any CPU
		{0A57C19C-16BA-4D89-AD09-9F75419F6923}.Debug|Any CPU.ActiveCfg = Debug|Any CPU
		{0A57C19C-16BA-4D89-AD09-9F75419F6923}.Debug|Any CPU.Build.0 = Debug|Any CPU
		{0A57C19C-16BA-4D89-AD09-9F75419F6923}.Release|Any CPU.ActiveCfg = Release|Any CPU
		{0A57C19C-16BA-4D89-AD09-9F75419F6923}.Release|Any CPU.Build.0 = Release|Any CPU
	EndGlobalSection
	GlobalSection(SolutionProperties) = preSolution
		HideSolutionNode = FALSE
	EndGlobalSection
EndGlobal
